
Microsoft Visual Studio Solution File, Format Version 12.00
# Visual Studio 15
VisualStudioVersion = 15.0.27703.2000
MinimumVisualStudioVersion = 10.0.40219.1
Project("{FAE04EC0-301F-11D3-BF4B-00C04F79EFBC}") = "Client", "Client\Client.csproj", "{C4BDF911-1FE9-4FC8-986E-5AFDD919B0E5}"
EndProject
Project("{FAE04EC0-301F-11D3-BF4B-00C04F79EFBC}") = "UI", "UI\UI.csproj", "{2FA06F1E-694F-4E96-8164-9C3287BC14CC}"
EndProject
Project("{FAE04EC0-301F-11D3-BF4B-00C04F79EFBC}") = "Server", "Server\Server.csproj", "{6635DA96-2368-453D-8C93-AA33B178AA29}"
EndProject
Global
	GlobalSection(SolutionConfigurationPlatforms) = preSolution
		Debug|Any CPU = Debug|Any CPU
		Release|Any CPU = Release|Any CPU
	EndGlobalSection
	GlobalSection(ProjectConfigurationPlatforms) = postSolution
		{C4BDF911-1FE9-4FC8-986E-5AFDD919B0E5}.Debug|Any CPU.ActiveCfg = Debug|Any CPU
		{C4BDF911-1FE9-4FC8-986E-5AFDD919B0E5}.Debug|Any CPU.Build.0 = Debug|Any CPU
		{C4BDF911-1FE9-4FC8-986E-5AFDD919B0E5}.Release|Any CPU.ActiveCfg = Release|Any CPU
		{C4BDF911-1FE9-4FC8-986E-5AFDD919B0E5}.Release|Any CPU.Build.0 = Release|Any CPU
		{2FA06F1E-694F-4E96-8164-9C3287BC14CC}.Debug|Any CPU.ActiveCfg = Debug|Any CPU
		{2FA06F1E-694F-4E96-8164-9C3287BC14CC}.Debug|Any CPU.Build.0 = Debug|Any CPU
		{2FA06F1E-694F-4E96-8164-9C3287BC14CC}.Release|Any CPU.ActiveCfg = Release|Any CPU
		{2FA06F1E-694F-4E96-8164-9C3287BC14CC}.Release|Any CPU.Build.0 = Release|Any CPU
		{6635DA96-2368-453D-8C93-AA33B178AA29}.Debug|Any CPU.ActiveCfg = Debug|Any CPU
		{6635DA96-2368-453D-8C93-AA33B178AA29}.Debug|Any CPU.Build.0 = Debug|Any CPU
		{6635DA96-2368-453D-8C93-AA33B178AA29}.Release|Any CPU.ActiveCfg = Release|Any CPU
		{6635DA96-2368-453D-8C93-AA33B178AA29}.Release|Any CPU.Build.0 = Release|Any CPU
	EndGlobalSection
	GlobalSection(SolutionProperties) = preSolution
		HideSolutionNode = FALSE
	EndGlobalSection
	GlobalSection(ExtensibilityGlobals) = postSolution
		SolutionGuid = {09657884-3A44-433E-A029-BAA29480E6EF}
	EndGlobalSection
EndGlobal
